Microsoft Visual Studio Solution File, Format Version 7.00
Project("{8BC9CEB8-8B4A-11D0-8D11-00A0C91BC942}") = "BTPoster", "BTPoster.vcproj", "{07D5D3F2-E181-46C3-B1F8-EB887516C87E}"
EndProject
Global
	GlobalSection(SolutionConfiguration) = preSolution
		ConfigName.0 = Debug
		ConfigName.1 = Release
	EndGlobalSection
	GlobalSection(ProjectDependencies) = postSolution
	EndGlobalSection
	GlobalSection(ProjectConfiguration) = postSolution
		{07D5D3F2-E181-46C3-B1F8-EB887516C87E}.Debug.ActiveCfg = Debug|Win32
		{07D5D3F2-E181-46C3-B1F8-EB887516C87E}.Debug.Build.0 = Debug|Win32
		{07D5D3F2-E181-46C3-B1F8-EB887516C87E}.Release.ActiveCfg = Release|Win32
		{07D5D3F2-E181-46C3-B1F8-EB887516C87E}.Release.Build.0 = Release|Win32
	EndGlobalSection
	GlobalSection(ExtensibilityGlobals) = postSolution
	EndGlobalSection
	GlobalSection(ExtensibilityAddIns) = postSolution
	EndGlobalSection
EndGlobal
