Microsoft Visual Studio Solution File, Format Version 7.00
Project("{8BC9CEB8-8B4A-11D0-8D11-00A0C91BC942}") = "BTDecoyClient", "BTDecoyClient.vcproj", "{DBE252DB-5171-4E32-AF82-C451A57C764B}"
EndProject
Global
	GlobalSection(SolutionConfiguration) = preSolution
		ConfigName.0 = Debug
		ConfigName.1 = Release
	EndGlobalSection
	GlobalSection(ProjectDependencies) = postSolution
	EndGlobalSection
	GlobalSection(ProjectConfiguration) = postSolution
		{DBE252DB-5171-4E32-AF82-C451A57C764B}.Debug.ActiveCfg = Debug|Win32
		{DBE252DB-5171-4E32-AF82-C451A57C764B}.Debug.Build.0 = Debug|Win32
		{DBE252DB-5171-4E32-AF82-C451A57C764B}.Release.ActiveCfg = Release|Win32
		{DBE252DB-5171-4E32-AF82-C451A57C764B}.Release.Build.0 = Release|Win32
	EndGlobalSection
	GlobalSection(ExtensibilityGlobals) = postSolution
	EndGlobalSection
	GlobalSection(ExtensibilityAddIns) = postSolution
	EndGlobalSection
EndGlobal
