Microsoft Visual Studio Solution File, Format Version 7.00
Project("{8BC9CEB8-8B4A-11D0-8D11-00A0C91BC942}") = "BTScraperDLL", "BTScraperDLL.vcproj", "{93AA38B7-A54F-4A62-81C4-7D1E7397F58B}"
EndProject
Global
	GlobalSection(SolutionConfiguration) = preSolution
		ConfigName.0 = Debug
		ConfigName.1 = Release
	EndGlobalSection
	GlobalSection(ProjectDependencies) = postSolution
	EndGlobalSection
	GlobalSection(ProjectConfiguration) = postSolution
		{93AA38B7-A54F-4A62-81C4-7D1E7397F58B}.Debug.ActiveCfg = Debug|Win32
		{93AA38B7-A54F-4A62-81C4-7D1E7397F58B}.Debug.Build.0 = Debug|Win32
		{93AA38B7-A54F-4A62-81C4-7D1E7397F58B}.Release.ActiveCfg = Release|Win32
		{93AA38B7-A54F-4A62-81C4-7D1E7397F58B}.Release.Build.0 = Release|Win32
	EndGlobalSection
	GlobalSection(ExtensibilityGlobals) = postSolution
	EndGlobalSection
	GlobalSection(ExtensibilityAddIns) = postSolution
	EndGlobalSection
EndGlobal
